
Microsoft Visual Studio Solution File, Format Version 12.00
# Visual Studio Version 17
VisualStudioVersion = 17.3.32922.545
MinimumVisualStudioVersion = 10.0.40219.1
Project("{FAE04EC0-301F-11D3-BF4B-00C04F79EFBC}") = "SpecialChildrenDashboard-Api", "SpecialChildrenDashboard-Api.csproj", "{938A24FC-0C2D-42B0-BD14-78D072C6B50A}"
EndProject
Project("{FAE04EC0-301F-11D3-BF4B-00C04F79EFBC}") = "SpecialChildrenDashboard-Api.BAL", "..\SpecialChildrenDashboard-Api.BAL\SpecialChildrenDashboard-Api.BAL.csproj", "{A434650A-F876-4BC8-8A6A-BECC2C1C27F7}"
EndProject
Project("{FAE04EC0-301F-11D3-BF4B-00C04F79EFBC}") = "SpecialChildrenDashboard-Api.DAL", "..\SpecialChildrenDashboard-Api.DAL\SpecialChildrenDashboard-Api.DAL.csproj", "{60F20523-8DF7-4103-97CA-93FEF4A7BDD9}"
EndProject
Global
	GlobalSection(SolutionConfigurationPlatforms) = preSolution
		Debug|Any CPU = Debug|Any CPU
		Release|Any CPU = Release|Any CPU
	EndGlobalSection
	GlobalSection(ProjectConfigurationPlatforms) = postSolution
		{938A24FC-0C2D-42B0-BD14-78D072C6B50A}.Debug|Any CPU.ActiveCfg = Debug|Any CPU
		{938A24FC-0C2D-42B0-BD14-78D072C6B50A}.Debug|Any CPU.Build.0 = Debug|Any CPU
		{938A24FC-0C2D-42B0-BD14-78D072C6B50A}.Release|Any CPU.ActiveCfg = Release|Any CPU
		{938A24FC-0C2D-42B0-BD14-78D072C6B50A}.Release|Any CPU.Build.0 = Release|Any CPU
		{A434650A-F876-4BC8-8A6A-BECC2C1C27F7}.Debug|Any CPU.ActiveCfg = Debug|Any CPU
		{A434650A-F876-4BC8-8A6A-BECC2C1C27F7}.Debug|Any CPU.Build.0 = Debug|Any CPU
		{A434650A-F876-4BC8-8A6A-BECC2C1C27F7}.Release|Any CPU.ActiveCfg = Release|Any CPU
		{A434650A-F876-4BC8-8A6A-BECC2C1C27F7}.Release|Any CPU.Build.0 = Release|Any CPU
		{60F20523-8DF7-4103-97CA-93FEF4A7BDD9}.Debug|Any CPU.ActiveCfg = Debug|Any CPU
		{60F20523-8DF7-4103-97CA-93FEF4A7BDD9}.Debug|Any CPU.Build.0 = Debug|Any CPU
		{60F20523-8DF7-4103-97CA-93FEF4A7BDD9}.Release|Any CPU.ActiveCfg = Release|Any CPU
		{60F20523-8DF7-4103-97CA-93FEF4A7BDD9}.Release|Any CPU.Build.0 = Release|Any CPU
	EndGlobalSection
	GlobalSection(SolutionProperties) = preSolution
		HideSolutionNode = FALSE
	EndGlobalSection
	GlobalSection(ExtensibilityGlobals) = postSolution
		SolutionGuid = {C257CDDF-1A23-4BC7-9307-48396A44542A}
	EndGlobalSection
EndGlobal
